
Microsoft Visual Studio Solution File, Format Version 12.00
# Visual Studio Version 17
VisualStudioVersion = 17.5.33424.131
MinimumVisualStudioVersion = 10.0.40219.1
Project("{FAE04EC0-301F-11D3-BF4B-00C04F79EFBC}") = "BookMyMeal_3Layer_Project", "BookMyMeal_3Layer_Project.csproj", "{16320BD1-4ED2-4507-852D-D29269D76198}"
EndProject
Project("{FAE04EC0-301F-11D3-BF4B-00C04F79EFBC}") = "DL_BMM", "..\DataLayer_BMM\DL_BMM.csproj", "{C2AD9C3A-24E5-4A6F-8613-2021F586A71F}"
EndProject
Project("{FAE04EC0-301F-11D3-BF4B-00C04F79EFBC}") = "DAL_BMM", "..\DAL_BMM\DAL_BMM.csproj", "{5CFE1AC5-6756-4213-9F5E-B030A551A225}"
EndProject
Project("{FAE04EC0-301F-11D3-BF4B-00C04F79EFBC}") = "BAL_BMM", "..\BAL_BMM\BAL_BMM.csproj", "{086D5173-294F-40D4-8E59-90249DDCDFA7}"
EndProject
Global
	GlobalSection(SolutionConfigurationPlatforms) = preSolution
		Debug|Any CPU = Debug|Any CPU
		Release|Any CPU = Release|Any CPU
	EndGlobalSection
	GlobalSection(ProjectConfigurationPlatforms) = postSolution
		{16320BD1-4ED2-4507-852D-D29269D76198}.Debug|Any CPU.ActiveCfg = Debug|Any CPU
		{16320BD1-4ED2-4507-852D-D29269D76198}.Debug|Any CPU.Build.0 = Debug|Any CPU
		{16320BD1-4ED2-4507-852D-D29269D76198}.Release|Any CPU.ActiveCfg = Release|Any CPU
		{16320BD1-4ED2-4507-852D-D29269D76198}.Release|Any CPU.Build.0 = Release|Any CPU
		{C2AD9C3A-24E5-4A6F-8613-2021F586A71F}.Debug|Any CPU.ActiveCfg = Debug|Any CPU
		{C2AD9C3A-24E5-4A6F-8613-2021F586A71F}.Debug|Any CPU.Build.0 = Debug|Any CPU
		{C2AD9C3A-24E5-4A6F-8613-2021F586A71F}.Release|Any CPU.ActiveCfg = Release|Any CPU
		{C2AD9C3A-24E5-4A6F-8613-2021F586A71F}.Release|Any CPU.Build.0 = Release|Any CPU
		{5CFE1AC5-6756-4213-9F5E-B030A551A225}.Debug|Any CPU.ActiveCfg = Debug|Any CPU
		{5CFE1AC5-6756-4213-9F5E-B030A551A225}.Debug|Any CPU.Build.0 = Debug|Any CPU
		{5CFE1AC5-6756-4213-9F5E-B030A551A225}.Release|Any CPU.ActiveCfg = Release|Any CPU
		{5CFE1AC5-6756-4213-9F5E-B030A551A225}.Release|Any CPU.Build.0 = Release|Any CPU
		{086D5173-294F-40D4-8E59-90249DDCDFA7}.Debug|Any CPU.ActiveCfg = Debug|Any CPU
		{086D5173-294F-40D4-8E59-90249DDCDFA7}.Debug|Any CPU.Build.0 = Debug|Any CPU
		{086D5173-294F-40D4-8E59-90249DDCDFA7}.Release|Any CPU.ActiveCfg = Release|Any CPU
		{086D5173-294F-40D4-8E59-90249DDCDFA7}.Release|Any CPU.Build.0 = Release|Any CPU
	EndGlobalSection
	GlobalSection(SolutionProperties) = preSolution
		HideSolutionNode = FALSE
	EndGlobalSection
	GlobalSection(ExtensibilityGlobals) = postSolution
		SolutionGuid = {44C97742-2AFB-4A03-A04B-E46566840340}
	EndGlobalSection
EndGlobal
